
Microsoft Visual Studio Solution File, Format Version 12.00
# Visual Studio Version 17
VisualStudioVersion = 17.5.33516.290
MinimumVisualStudioVersion = 10.0.40219.1
Project("{FAE04EC0-301F-11D3-BF4B-00C04F79EFBC}") = "TestTasks", "TestTasks\TestTasks.csproj", "{BCDB3D3E-9A96-4061-B607-272C116CAEA1}"
EndProject
Global
	GlobalSection(SolutionConfigurationPlatforms) = preSolution
		Debug|Any CPU = Debug|Any CPU
		Release|Any CPU = Release|Any CPU
	EndGlobalSection
	GlobalSection(ProjectConfigurationPlatforms) = postSolution
		{BCDB3D3E-9A96-4061-B607-272C116CAEA1}.Debug|Any CPU.ActiveCfg = Debug|Any CPU
		{BCDB3D3E-9A96-4061-B607-272C116CAEA1}.Debug|Any CPU.Build.0 = Debug|Any CPU
		{BCDB3D3E-9A96-4061-B607-272C116CAEA1}.Release|Any CPU.ActiveCfg = Release|Any CPU
		{BCDB3D3E-9A96-4061-B607-272C116CAEA1}.Release|Any CPU.Build.0 = Release|Any CPU
	EndGlobalSection
	GlobalSection(SolutionProperties) = preSolution
		HideSolutionNode = FALSE
	EndGlobalSection
	GlobalSection(ExtensibilityGlobals) = postSolution
		SolutionGuid = {B04814F4-065E-416B-9853-FE190577E126}
	EndGlobalSection
EndGlobal
